
Microsoft Visual Studio Solution File, Format Version 12.00
# Visual Studio Version 17
VisualStudioVersion = 17.11.35327.3
MinimumVisualStudioVersion = 10.0.40219.1
Project("{FAE04EC0-301F-11D3-BF4B-00C04F79EFBC}") = "Likuur`s Minecraft Launcher", "Likuur`s Minecraft Launcher\Likuur`s Minecraft Launcher.csproj", "{B1FABCBC-DFE3-48E5-A6EA-DD29BECBED1B}"
EndProject
Global
	GlobalSection(SolutionConfigurationPlatforms) = preSolution
		Debug|Any CPU = Debug|Any CPU
		Release|Any CPU = Release|Any CPU
	EndGlobalSection
	GlobalSection(ProjectConfigurationPlatforms) = postSolution
		{B1FABCBC-DFE3-48E5-A6EA-DD29BECBED1B}.Debug|Any CPU.ActiveCfg = Debug|Any CPU
		{B1FABCBC-DFE3-48E5-A6EA-DD29BECBED1B}.Debug|Any CPU.Build.0 = Debug|Any CPU
		{B1FABCBC-DFE3-48E5-A6EA-DD29BECBED1B}.Release|Any CPU.ActiveCfg = Release|Any CPU
		{B1FABCBC-DFE3-48E5-A6EA-DD29BECBED1B}.Release|Any CPU.Build.0 = Release|Any CPU
	EndGlobalSection
	GlobalSection(SolutionProperties) = preSolution
		HideSolutionNode = FALSE
	EndGlobalSection
	GlobalSection(ExtensibilityGlobals) = postSolution
		SolutionGuid = {11D659B2-CC79-4366-A01D-03CB6D349343}
	EndGlobalSection
EndGlobal
